
Microsoft Visual Studio Solution File, Format Version 12.00
# Visual Studio Version 16
VisualStudioVersion = 16.0.31613.86
MinimumVisualStudioVersion = 10.0.40219.1
Project("{FAE04EC0-301F-11D3-BF4B-00C04F79EFBC}") = "ShoesFactoryProject", "ShoesFactoryProject\ShoesFactoryProject.csproj", "{943FBDDC-15E4-4F51-A939-26A4D19D549E}"
EndProject
Project("{FAE04EC0-301F-11D3-BF4B-00C04F79EFBC}") = "Logic", "Logic3\Logic.csproj", "{C4B41FFF-B17E-4BA8-8A6C-867ADE457401}"
EndProject
Project("{FAE04EC0-301F-11D3-BF4B-00C04F79EFBC}") = "Models", "Models3\Models.csproj", "{911BA6A1-B5AA-48D9-A6EB-4CB535DFA8B4}"
EndProject
Project("{FAE04EC0-301F-11D3-BF4B-00C04F79EFBC}") = "DataStructure", "DataStructure3\DataStructure.csproj", "{EB6FD79B-24BD-4099-941F-430500B816B9}"
EndProject
Global
	GlobalSection(SolutionConfigurationPlatforms) = preSolution
		Debug|Any CPU = Debug|Any CPU
		Debug|ARM = Debug|ARM
		Debug|ARM64 = Debug|ARM64
		Debug|x64 = Debug|x64
		Debug|x86 = Debug|x86
		Release|Any CPU = Release|Any CPU
		Release|ARM = Release|ARM
		Release|ARM64 = Release|ARM64
		Release|x64 = Release|x64
		Release|x86 = Release|x86
	EndGlobalSection
	GlobalSection(ProjectConfigurationPlatforms) = postSolution
		{943FBDDC-15E4-4F51-A939-26A4D19D549E}.Debug|Any CPU.ActiveCfg = Debug|Any CPU
		{943FBDDC-15E4-4F51-A939-26A4D19D549E}.Debug|Any CPU.Build.0 = Debug|Any CPU
		{943FBDDC-15E4-4F51-A939-26A4D19D549E}.Debug|ARM.ActiveCfg = Debug|Any CPU
		{943FBDDC-15E4-4F51-A939-26A4D19D549E}.Debug|ARM.Build.0 = Debug|Any CPU
		{943FBDDC-15E4-4F51-A939-26A4D19D549E}.Debug|ARM64.ActiveCfg = Debug|Any CPU
		{943FBDDC-15E4-4F51-A939-26A4D19D549E}.Debug|ARM64.Build.0 = Debug|Any CPU
		{943FBDDC-15E4-4F51-A939-26A4D19D549E}.Debug|x64.ActiveCfg = Debug|Any CPU
		{943FBDDC-15E4-4F51-A939-26A4D19D549E}.Debug|x64.Build.0 = Debug|Any CPU
		{943FBDDC-15E4-4F51-A939-26A4D19D549E}.Debug|x86.ActiveCfg = Debug|Any CPU
		{943FBDDC-15E4-4F51-A939-26A4D19D549E}.Debug|x86.Build.0 = Debug|Any CPU
		{943FBDDC-15E4-4F51-A939-26A4D19D549E}.Release|Any CPU.ActiveCfg = Release|Any CPU
		{943FBDDC-15E4-4F51-A939-26A4D19D549E}.Release|Any CPU.Build.0 = Release|Any CPU
		{943FBDDC-15E4-4F51-A939-26A4D19D549E}.Release|ARM.ActiveCfg = Release|Any CPU
		{943FBDDC-15E4-4F51-A939-26A4D19D549E}.Release|ARM.Build.0 = Release|Any CPU
		{943FBDDC-15E4-4F51-A939-26A4D19D549E}.Release|ARM64.ActiveCfg = Release|Any CPU
		{943FBDDC-15E4-4F51-A939-26A4D19D549E}.Release|ARM64.Build.0 = Release|Any CPU
		{943FBDDC-15E4-4F51-A939-26A4D19D549E}.Release|x64.ActiveCfg = Release|Any CPU
		{943FBDDC-15E4-4F51-A939-26A4D19D549E}.Release|x64.Build.0 = Release|Any CPU
		{943FBDDC-15E4-4F51-A939-26A4D19D549E}.Release|x86.ActiveCfg = Release|Any CPU
		{943FBDDC-15E4-4F51-A939-26A4D19D549E}.Release|x86.Build.0 = Release|Any CPU
		{C4B41FFF-B17E-4BA8-8A6C-867ADE457401}.Debug|Any CPU.ActiveCfg = Debug|Any CPU
		{C4B41FFF-B17E-4BA8-8A6C-867ADE457401}.Debug|Any CPU.Build.0 = Debug|Any CPU
		{C4B41FFF-B17E-4BA8-8A6C-867ADE457401}.Debug|ARM.ActiveCfg = Debug|Any CPU
		{C4B41FFF-B17E-4BA8-8A6C-867ADE457401}.Debug|ARM.Build.0 = Debug|Any CPU
		{C4B41FFF-B17E-4BA8-8A6C-867ADE457401}.Debug|ARM64.ActiveCfg = Debug|Any CPU
		{C4B41FFF-B17E-4BA8-8A6C-867ADE457401}.Debug|ARM64.Build.0 = Debug|Any CPU
		{C4B41FFF-B17E-4BA8-8A6C-867ADE457401}.Debug|x64.ActiveCfg = Debug|Any CPU
		{C4B41FFF-B17E-4BA8-8A6C-867ADE457401}.Debug|x64.Build.0 = Debug|Any CPU
		{C4B41FFF-B17E-4BA8-8A6C-867ADE457401}.Debug|x86.ActiveCfg = Debug|Any CPU
		{C4B41FFF-B17E-4BA8-8A6C-867ADE457401}.Debug|x86.Build.0 = Debug|Any CPU
		{C4B41FFF-B17E-4BA8-8A6C-867ADE457401}.Release|Any CPU.ActiveCfg = Release|Any CPU
		{C4B41FFF-B17E-4BA8-8A6C-867ADE457401}.Release|Any CPU.Build.0 = Release|Any CPU
		{C4B41FFF-B17E-4BA8-8A6C-867ADE457401}.Release|ARM.ActiveCfg = Release|Any CPU
		{C4B41FFF-B17E-4BA8-8A6C-867ADE457401}.Release|ARM.Build.0 = Release|Any CPU
		{C4B41FFF-B17E-4BA8-8A6C-867ADE457401}.Release|ARM64.ActiveCfg = Release|Any CPU
		{C4B41FFF-B17E-4BA8-8A6C-867ADE457401}.Release|ARM64.Build.0 = Release|Any CPU
		{C4B41FFF-B17E-4BA8-8A6C-867ADE457401}.Release|x64.ActiveCfg = Release|Any CPU
		{C4B41FFF-B17E-4BA8-8A6C-867ADE457401}.Release|x64.Build.0 = Release|Any CPU
		{C4B41FFF-B17E-4BA8-8A6C-867ADE457401}.Release|x86.ActiveCfg = Release|Any CPU
		{C4B41FFF-B17E-4BA8-8A6C-867ADE457401}.Release|x86.Build.0 = Release|Any CPU
		{911BA6A1-B5AA-48D9-A6EB-4CB535DFA8B4}.Debug|Any CPU.ActiveCfg = Debug|Any CPU
		{911BA6A1-B5AA-48D9-A6EB-4CB535DFA8B4}.Debug|Any CPU.Build.0 = Debug|Any CPU
		{911BA6A1-B5AA-48D9-A6EB-4CB535DFA8B4}.Debug|ARM.ActiveCfg = Debug|Any CPU
		{911BA6A1-B5AA-48D9-A6EB-4CB535DFA8B4}.Debug|ARM.Build.0 = Debug|Any CPU
		{911BA6A1-B5AA-48D9-A6EB-4CB535DFA8B4}.Debug|ARM64.ActiveCfg = Debug|Any CPU
		{911BA6A1-B5AA-48D9-A6EB-4CB535DFA8B4}.Debug|ARM64.Build.0 = Debug|Any CPU
		{911BA6A1-B5AA-48D9-A6EB-4CB535DFA8B4}.Debug|x64.ActiveCfg = Debug|Any CPU
		{911BA6A1-B5AA-48D9-A6EB-4CB535DFA8B4}.Debug|x64.Build.0 = Debug|Any CPU
		{911BA6A1-B5AA-48D9-A6EB-4CB535DFA8B4}.Debug|x86.ActiveCfg = Debug|Any CPU
		{911BA6A1-B5AA-48D9-A6EB-4CB535DFA8B4}.Debug|x86.Build.0 = Debug|Any CPU
		{911BA6A1-B5AA-48D9-A6EB-4CB535DFA8B4}.Release|Any CPU.ActiveCfg = Release|Any CPU
		{911BA6A1-B5AA-48D9-A6EB-4CB535DFA8B4}.Release|Any CPU.Build.0 = Release|Any CPU
		{911BA6A1-B5AA-48D9-A6EB-4CB535DFA8B4}.Release|ARM.ActiveCfg = Release|Any CPU
		{911BA6A1-B5AA-48D9-A6EB-4CB535DFA8B4}.Release|ARM.Build.0 = Release|Any CPU
		{911BA6A1-B5AA-48D9-A6EB-4CB535DFA8B4}.Release|ARM64.ActiveCfg = Release|Any CPU
		{911BA6A1-B5AA-48D9-A6EB-4CB535DFA8B4}.Release|ARM64.Build.0 = Release|Any CPU
		{911BA6A1-B5AA-48D9-A6EB-4CB535DFA8B4}.Release|x64.ActiveCfg = Release|Any CPU
		{911BA6A1-B5AA-48D9-A6EB-4CB535DFA8B4}.Release|x64.Build.0 = Release|Any CPU
		{911BA6A1-B5AA-48D9-A6EB-4CB535DFA8B4}.Release|x86.ActiveCfg = Release|Any CPU
		{911BA6A1-B5AA-48D9-A6EB-4CB535DFA8B4}.Release|x86.Build.0 = Release|Any CPU
		{EB6FD79B-24BD-4099-941F-430500B816B9}.Debug|Any CPU.ActiveCfg = Debug|Any CPU
		{EB6FD79B-24BD-4099-941F-430500B816B9}.Debug|Any CPU.Build.0 = Debug|Any CPU
		{EB6FD79B-24BD-4099-941F-430500B816B9}.Debug|ARM.ActiveCfg = Debug|Any CPU
		{EB6FD79B-24BD-4099-941F-430500B816B9}.Debug|ARM.Build.0 = Debug|Any CPU
		{EB6FD79B-24BD-4099-941F-430500B816B9}.Debug|ARM64.ActiveCfg = Debug|Any CPU
		{EB6FD79B-24BD-4099-941F-430500B816B9}.Debug|ARM64.Build.0 = Debug|Any CPU
		{EB6FD79B-24BD-4099-941F-430500B816B9}.Debug|x64.ActiveCfg = Debug|Any CPU
		{EB6FD79B-24BD-4099-941F-430500B816B9}.Debug|x64.Build.0 = Debug|Any CPU
		{EB6FD79B-24BD-4099-941F-430500B816B9}.Debug|x86.ActiveCfg = Debug|Any CPU
		{EB6FD79B-24BD-4099-941F-430500B816B9}.Debug|x86.Build.0 = Debug|Any CPU
		{EB6FD79B-24BD-4099-941F-430500B816B9}.Release|Any CPU.ActiveCfg = Release|Any CPU
		{EB6FD79B-24BD-4099-941F-430500B816B9}.Release|Any CPU.Build.0 = Release|Any CPU
		{EB6FD79B-24BD-4099-941F-430500B816B9}.Release|ARM.ActiveCfg = Release|Any CPU
		{EB6FD79B-24BD-4099-941F-430500B816B9}.Release|ARM.Build.0 = Release|Any CPU
		{EB6FD79B-24BD-4099-941F-430500B816B9}.Release|ARM64.ActiveCfg = Release|Any CPU
		{EB6FD79B-24BD-4099-941F-430500B816B9}.Release|ARM64.Build.0 = Release|Any CPU
		{EB6FD79B-24BD-4099-941F-430500B816B9}.Release|x64.ActiveCfg = Release|Any CPU
		{EB6FD79B-24BD-4099-941F-430500B816B9}.Release|x64.Build.0 = Release|Any CPU
		{EB6FD79B-24BD-4099-941F-430500B816B9}.Release|x86.ActiveCfg = Release|Any CPU
		{EB6FD79B-24BD-4099-941F-430500B816B9}.Release|x86.Build.0 = Release|Any CPU
	EndGlobalSection
	GlobalSection(SolutionProperties) = preSolution
		HideSolutionNode = FALSE
	EndGlobalSection
	GlobalSection(ExtensibilityGlobals) = postSolution
		SolutionGuid = {3462A63E-EFFA-46ED-BAE3-3B94BE4ADAA6}
	EndGlobalSection
EndGlobal
